
Microsoft Visual Studio Solution File, Format Version 12.00
# Visual Studio 15
VisualStudioVersion = 15.0.27428.1
MinimumVisualStudioVersion = 10.0.40219.1
Project("{FAE04EC0-301F-11D3-BF4B-00C04F79EFBC}") = "PVille_Market", "PVille_Market\PVille_Market.csproj", "{3960B008-2F49-49D6-A8F8-23D14C13FDE6}"
EndProject
Project("{FAE04EC0-301F-11D3-BF4B-00C04F79EFBC}") = "PVille_Market.Tests", "PVille_Market.Tests\PVille_Market.Tests.csproj", "{9DF2D13D-9F11-4BF8-8618-54738D5E4E26}"
EndProject
Global
	GlobalSection(SolutionConfigurationPlatforms) = preSolution
		Debug|Any CPU = Debug|Any CPU
		Release|Any CPU = Release|Any CPU
	EndGlobalSection
	GlobalSection(ProjectConfigurationPlatforms) = postSolution
		{3960B008-2F49-49D6-A8F8-23D14C13FDE6}.Debug|Any CPU.ActiveCfg = Debug|Any CPU
		{3960B008-2F49-49D6-A8F8-23D14C13FDE6}.Debug|Any CPU.Build.0 = Debug|Any CPU
		{3960B008-2F49-49D6-A8F8-23D14C13FDE6}.Release|Any CPU.ActiveCfg = Release|Any CPU
		{3960B008-2F49-49D6-A8F8-23D14C13FDE6}.Release|Any CPU.Build.0 = Release|Any CPU
		{9DF2D13D-9F11-4BF8-8618-54738D5E4E26}.Debug|Any CPU.ActiveCfg = Debug|Any CPU
		{9DF2D13D-9F11-4BF8-8618-54738D5E4E26}.Debug|Any CPU.Build.0 = Debug|Any CPU
		{9DF2D13D-9F11-4BF8-8618-54738D5E4E26}.Release|Any CPU.ActiveCfg = Release|Any CPU
		{9DF2D13D-9F11-4BF8-8618-54738D5E4E26}.Release|Any CPU.Build.0 = Release|Any CPU
	EndGlobalSection
	GlobalSection(SolutionProperties) = preSolution
		HideSolutionNode = FALSE
	EndGlobalSection
	GlobalSection(ExtensibilityGlobals) = postSolution
		SolutionGuid = {1638B479-A704-4908-9788-3885AE61D922}
	EndGlobalSection
EndGlobal
